schema: '2.0'
stages:
  train:
    cmd: python train.py
    deps:
    - path: data/dataset.csv
      hash: md5
      md5: 939d6ee6bf081b83dc14f5c46527f208
      size: 1895148
    - path: train.py
      hash: md5
      md5: 0e14704204fa75bfc345c96bd5d87bda
      size: 1791
    outs:
    - path: mlruns
      hash: md5
      md5: 82be6299ff05b65409a14d40411a177d.dir
      size: 217165759
      nfiles: 22
