schema: '2.0'
stages:
  train:
    cmd: ./.venv/bin/python train.py
    deps:
    - path: data/dataset.csv
      hash: md5
      md5: 3a95f2c9caf9204212f410122d4367b6
      size: 223
    - path: train.py
      hash: md5
      md5: 0e14704204fa75bfc345c96bd5d87bda
      size: 1791
    outs:
    - path: mlruns
      hash: md5
      md5: 0c0bb881702b81878ac574488b0d6e35.dir
      size: 48035
      nfiles: 22
